
Microsoft Visual Studio Solution File, Format Version 12.00
# Visual Studio 2012
Project("{FAE04EC0-301F-11D3-BF4B-00C04F79EFBC}") = "TesteCarga", "TesteCarga\TesteCarga.csproj", "{5E0A8AB3-426A-4B97-A0AB-C4BC6AF49346}"
EndProject
Global
	GlobalSection(TeamFoundationVersionControl) = preSolution
		SccNumberOfProjects = 1
		SccEnterpriseProvider = {4CA58AB2-18FA-4F8D-95D4-32DDF27D184C}
		SccTeamFoundationServer = https://joaovictorino.visualstudio.com/defaultcollection
		SccProjectUniqueName0 = TesteCarga\\TesteCarga.csproj
		SccProjectName0 = TesteCarga
		SccAuxPath0 = https://joaovictorino.visualstudio.com/defaultcollection
		SccLocalPath0 = TesteCarga
		SccProvider0 = {4CA58AB2-18FA-4F8D-95D4-32DDF27D184C}
	EndGlobalSection
	GlobalSection(SolutionConfigurationPlatforms) = preSolution
		Debug|Any CPU = Debug|Any CPU
		Release|Any CPU = Release|Any CPU
	EndGlobalSection
	GlobalSection(ProjectConfigurationPlatforms) = postSolution
		{5E0A8AB3-426A-4B97-A0AB-C4BC6AF49346}.Debug|Any CPU.ActiveCfg = Debug|Any CPU
		{5E0A8AB3-426A-4B97-A0AB-C4BC6AF49346}.Debug|Any CPU.Build.0 = Debug|Any CPU
		{5E0A8AB3-426A-4B97-A0AB-C4BC6AF49346}.Release|Any CPU.ActiveCfg = Release|Any CPU
		{5E0A8AB3-426A-4B97-A0AB-C4BC6AF49346}.Release|Any CPU.Build.0 = Release|Any CPU
	EndGlobalSection
	GlobalSection(SolutionProperties) = preSolution
		HideSolutionNode = FALSE
	EndGlobalSection
EndGlobal
